
Microsoft Visual Studio Solution File, Format Version 12.00
# Visual Studio Version 17
VisualStudioVersion = 17.9.34728.123
MinimumVisualStudioVersion = 10.0.40219.1
Project("{FAE04EC0-301F-11D3-BF4B-00C04F79EFBC}") = "Trab-SalarioDif", "Trab-SalarioDif\Trab-SalarioDif.csproj", "{356CE89E-56A2-45B5-861C-972CE0CC8AB0}"
EndProject
Global
	GlobalSection(SolutionConfigurationPlatforms) = preSolution
		Debug|Any CPU = Debug|Any CPU
		Release|Any CPU = Release|Any CPU
	EndGlobalSection
	GlobalSection(ProjectConfigurationPlatforms) = postSolution
		{356CE89E-56A2-45B5-861C-972CE0CC8AB0}.Debug|Any CPU.ActiveCfg = Debug|Any CPU
		{356CE89E-56A2-45B5-861C-972CE0CC8AB0}.Debug|Any CPU.Build.0 = Debug|Any CPU
		{356CE89E-56A2-45B5-861C-972CE0CC8AB0}.Release|Any CPU.ActiveCfg = Release|Any CPU
		{356CE89E-56A2-45B5-861C-972CE0CC8AB0}.Release|Any CPU.Build.0 = Release|Any CPU
	EndGlobalSection
	GlobalSection(SolutionProperties) = preSolution
		HideSolutionNode = FALSE
	EndGlobalSection
	GlobalSection(ExtensibilityGlobals) = postSolution
		SolutionGuid = {983E35BA-4F72-4E5A-AA48-8F9A1E0A7075}
	EndGlobalSection
EndGlobal
